// !$*UTF8*$!
{
	archiveVersion = 1;
	classes = {
	};
	objectVersion = 46;
	objects = {

/* Begin PBXBuildFile section */
		DB4D4C521D699FCD00274E5F /* MCQuestions.plist in Resources */ = {isa = PBXBuildFile; fileRef = DB4D4C511D699FCD00274E5F /* MCQuestions.plist */; };
		DB4D4C571D69A61800274E5F /* Configuration.swift in Sources */ = {isa = PBXBuildFile; fileRef = DB4D4C561D69A61800274E5F /* Configuration.swift */; };
		DB6C81121D68100A003C0E3D /* AppDelegate.swift in Sources */ = {isa = PBXBuildFile; fileRef = DB6C81111D68100A003C0E3D /* AppDelegate.swift */; };
		DB6C81141D68100A003C0E3D /* ViewController.swift in Sources */ = {isa = PBXBuildFile; fileRef = DB6C81131D68100A003C0E3D /* ViewController.swift */; };
		DB6C81171D68100A003C0E3D /* Main.storyboard in Resources */ = {isa = PBXBuildFile; fileRef = DB6C81151D68100A003C0E3D /* Main.storyboard */; };
		DB6C81191D68100A003C0E3D /* Assets.xcassets in Resources */ = {isa = PBXBuildFile; fileRef = DB6C81181D68100A003C0E3D /* Assets.xcassets */; };
		DB6C811C1D68100A003C0E3D /* LaunchScreen.storyboard in Resources */ = {isa = PBXBuildFile; fileRef = DB6C811A1D68100A003C0E3D /* LaunchScreen.storyboard */; };
		DB6C81241D6818C3003C0E3D /* SettingsViewController.swift in Sources */ = {isa = PBXBuildFile; fileRef = DB6C81231D6818C3003C0E3D /* SettingsViewController.swift */; };
		DB6C81261D6818DA003C0E3D /* MultipleChoiceViewController.swift in Sources */ = {isa = PBXBuildFile; fileRef = DB6C81251D6818DA003C0E3D /* MultipleChoiceViewController.swift */; };
		DB6C81281D6818EB003C0E3D /* RightOrWrongViewController.swift in Sources */ = {isa = PBXBuildFile; fileRef = DB6C81271D6818EB003C0E3D /* RightOrWrongViewController.swift */; };
		DB6C812A1D681917003C0E3D /* ImageViewController.swift in Sources */ = {isa = PBXBuildFile; fileRef = DB6C81291D681917003C0E3D /* ImageViewController.swift */; };
		DB6C812C1D681924003C0E3D /* InputViewController.swift in Sources */ = {isa = PBXBuildFile; fileRef = DB6C812B1D681924003C0E3D /* InputViewController.swift */; };
/* End PBXBuildFile section */

/* Begin PBXFileReference section */
		DB4D4C511D699FCD00274E5F /* MCQuestions.plist */ = {isa = PBXFileReference; fileEncoding = 4; lastKnownFileType = text.plist.xml; path = MCQuestions.plist; sourceTree = "<group>"; };
		DB4D4C561D69A61800274E5F /* Configuration.swift */ = {isa = PBXFileReference; fileEncoding = 4; lastKnownFileType = sourcecode.swift; path = Configuration.swift; sourceTree = "<group>"; };
		DB6C810E1D68100A003C0E3D /* Multiple Choice Quiz.app */ = {isa = PBXFileReference; explicitFileType = wrapper.application; includeInIndex = 0; path = "Multiple Choice Quiz.app"; sourceTree = BUILT_PRODUCTS_DIR; };
		DB6C81111D68100A003C0E3D /* AppDelegate.swift */ = {isa = PBXFileReference; lastKnownFileType = sourcecode.swift; path = AppDelegate.swift; sourceTree = "<group>"; };
		DB6C81131D68100A003C0E3D /* ViewController.swift */ = {isa = PBXFileReference; lastKnownFileType = sourcecode.swift; path = ViewController.swift; sourceTree = "<group>"; };
		DB6C81161D68100A003C0E3D /* Base */ = {isa = PBXFileReference; lastKnownFileType = file.storyboard; name = Base; path = Base.lproj/Main.storyboard; sourceTree = "<group>"; };
		DB6C81181D68100A003C0E3D /* Assets.xcassets */ = {isa = PBXFileReference; lastKnownFileType = folder.assetcatalog; path = Assets.xcassets; sourceTree = "<group>"; };
		DB6C811B1D68100A003C0E3D /* Base */ = {isa = PBXFileReference; lastKnownFileType = file.storyboard; name = Base; path = Base.lproj/LaunchScreen.storyboard; sourceTree = "<group>"; };
		DB6C811D1D68100A003C0E3D /* Info.plist */ = {isa = PBXFileReference; lastKnownFileType = text.plist.xml; path = Info.plist; sourceTree = "<group>"; };
		DB6C81231D6818C3003C0E3D /* SettingsViewController.swift */ = {isa = PBXFileReference; fileEncoding = 4; lastKnownFileType = sourcecode.swift; path = SettingsViewController.swift; sourceTree = "<group>"; };
		DB6C81251D6818DA003C0E3D /* MultipleChoiceViewController.swift */ = {isa = PBXFileReference; fileEncoding = 4; lastKnownFileType = sourcecode.swift; path = MultipleChoiceViewController.swift; sourceTree = "<group>"; };
		DB6C81271D6818EB003C0E3D /* RightOrWrongViewController.swift */ = {isa = PBXFileReference; fileEncoding = 4; lastKnownFileType = sourcecode.swift; path = RightOrWrongViewController.swift; sourceTree = "<group>"; };
		DB6C81291D681917003C0E3D /* ImageViewController.swift */ = {isa = PBXFileReference; fileEncoding = 4; lastKnownFileType = sourcecode.swift; path = ImageViewController.swift; sourceTree = "<group>"; };
		DB6C812B1D681924003C0E3D /* InputViewController.swift */ = {isa = PBXFileReference; fileEncoding = 4; lastKnownFileType = sourcecode.swift; path = InputViewController.swift; sourceTree = "<group>"; };
/* End PBXFileReference section */

/* Begin PBXFrameworksBuildPhase section */
		DB6C810B1D68100A003C0E3D /* Frameworks */ = {
			isa = PBXFrameworksBuildPhase;
			buildActionMask = 2147483647;
			files = (
			);
			runOnlyForDeploymentPostprocessing = 0;
		};
/* End PBXFrameworksBuildPhase section */

/* Begin PBXGroup section */
		DB4D4C531D69A43000274E5F /* Resources */ = {
			isa = PBXGroup;
			children = (
				DB4D4C511D699FCD00274E5F /* MCQuestions.plist */,
			);
			name = Resources;
			sourceTree = "<group>";
		};
		DB6C81051D681009003C0E3D = {
			isa = PBXGroup;
			children = (
				DB6C81101D68100A003C0E3D /* Multiple Choice Quiz */,
				DB6C810F1D68100A003C0E3D /* Products */,
			);
			sourceTree = "<group>";
		};
		DB6C810F1D68100A003C0E3D /* Products */ = {
			isa = PBXGroup;
			children = (
				DB6C810E1D68100A003C0E3D /* Multiple Choice Quiz.app */,
			);
			name = Products;
			sourceTree = "<group>";
		};
		DB6C81101D68100A003C0E3D /* Multiple Choice Quiz */ = {
			isa = PBXGroup;
			children = (
				DB4D4C531D69A43000274E5F /* Resources */,
				DB6C81111D68100A003C0E3D /* AppDelegate.swift */,
				DB6C81131D68100A003C0E3D /* ViewController.swift */,
				DB6C81151D68100A003C0E3D /* Main.storyboard */,
				DB6C81231D6818C3003C0E3D /* SettingsViewController.swift */,
				DB6C81251D6818DA003C0E3D /* MultipleChoiceViewController.swift */,
				DB6C81271D6818EB003C0E3D /* RightOrWrongViewController.swift */,
				DB6C81291D681917003C0E3D /* ImageViewController.swift */,
				DB6C812B1D681924003C0E3D /* InputViewController.swift */,
				DB6C81181D68100A003C0E3D /* Assets.xcassets */,
				DB6C811A1D68100A003C0E3D /* LaunchScreen.storyboard */,
				DB6C811D1D68100A003C0E3D /* Info.plist */,
				DB4D4C561D69A61800274E5F /* Configuration.swift */,
			);
			path = "Multiple Choice Quiz";
			sourceTree = "<group>";
		};
/* End PBXGroup section */

/* Begin PBXNativeTarget section */
		DB6C810D1D68100A003C0E3D /* Multiple Choice Quiz */ = {
			isa = PBXNativeTarget;
			buildConfigurationList = DB6C81201D68100A003C0E3D /* Build configuration list for PBXNativeTarget "Multiple Choice Quiz" */;
			buildPhases = (
				DB6C810A1D68100A003C0E3D /* Sources */,
				DB6C810B1D68100A003C0E3D /* Frameworks */,
				DB6C810C1D68100A003C0E3D /* Resources */,
			);
			buildRules = (
			);
			dependencies = (
			);
			name = "Multiple Choice Quiz";
			productName = "Multiple Choice Quiz";
			productReference = DB6C810E1D68100A003C0E3D /* Multiple Choice Quiz.app */;
			productType = "com.apple.product-type.application";
		};
/* End PBXNativeTarget section */

/* Begin PBXProject section */
		DB6C81061D681009003C0E3D /* Project object */ = {
			isa = PBXProject;
			attributes = {
				LastSwiftUpdateCheck = 0730;
				LastUpgradeCheck = 0730;
				ORGANIZATIONNAME = "Jackson Taylor";
				TargetAttributes = {
					DB6C810D1D68100A003C0E3D = {
						CreatedOnToolsVersion = 7.3.1;
					};
				};
			};
			buildConfigurationList = DB6C81091D681009003C0E3D /* Build configuration list for PBXProject "Multiple Choice Quiz" */;
			compatibilityVersion = "Xcode 3.2";
			developmentRegion = English;
			hasScannedForEncodings = 0;
			knownRegions = (
				en,
				Base,
			);
			mainGroup = DB6C81051D681009003C0E3D;
			productRefGroup = DB6C810F1D68100A003C0E3D /* Products */;
			projectDirPath = "";
			projectRoot = "";
			targets = (
				DB6C810D1D68100A003C0E3D /* Multiple Choice Quiz */,
			);
		};
/* End PBXProject section */

/* Begin PBXResourcesBuildPhase section */
		DB6C810C1D68100A003C0E3D /* Resources */ = {
			isa = PBXResourcesBuildPhase;
			buildActionMask = 2147483647;
			files = (
				DB6C811C1D68100A003C0E3D /* LaunchScreen.storyboard in Resources */,
				DB6C81191D68100A003C0E3D /* Assets.xcassets in Resources */,
				DB4D4C521D699FCD00274E5F /* MCQuestions.plist in Resources */,
				DB6C81171D68100A003C0E3D /* Main.storyboard in Resources */,
			);
			runOnlyForDeploymentPostprocessing = 0;
		};
/* End PBXResourcesBuildPhase section */

/* Begin PBXSourcesBuildPhase section */
		DB6C810A1D68100A003C0E3D /* Sources */ = {
			isa = PBXSourcesBuildPhase;
			buildActionMask = 2147483647;
			files = (
				DB6C81141D68100A003C0E3D /* ViewController.swift in Sources */,
				DB6C81121D68100A003C0E3D /* AppDelegate.swift in Sources */,
				DB6C81241D6818C3003C0E3D /* SettingsViewController.swift in Sources */,
				DB6C812C1D681924003C0E3D /* InputViewController.swift in Sources */,
				DB6C81261D6818DA003C0E3D /* MultipleChoiceViewController.swift in Sources */,
				DB6C812A1D681917003C0E3D /* ImageViewController.swift in Sources */,
				DB4D4C571D69A61800274E5F /* Configuration.swift in Sources */,
				DB6C81281D6818EB003C0E3D /* RightOrWrongViewController.swift in Sources */,
			);
			runOnlyForDeploymentPostprocessing = 0;
		};
/* End PBXSourcesBuildPhase section */

/* Begin PBXVariantGroup section */
		DB6C81151D68100A003C0E3D /* Main.storyboard */ = {
			isa = PBXVariantGroup;
			children = (
				DB6C81161D68100A003C0E3D /* Base */,
			);
			name = Main.storyboard;
			sourceTree = "<group>";
		};
		DB6C811A1D68100A003C0E3D /* LaunchScreen.storyboard */ = {
			isa = PBXVariantGroup;
			children = (
				DB6C811B1D68100A003C0E3D /* Base */,
			);
			name = LaunchScreen.storyboard;
			sourceTree = "<group>";
		};
/* End PBXVariantGroup section */

/* Begin XCBuildConfiguration section */
		DB6C811E1D68100A003C0E3D /* Debug */ = {
			isa = XCBuildConfiguration;
			buildSettings = {
				ALWAYS_SEARCH_USER_PATHS = NO;
				CLANG_ANALYZER_NONNULL = YES;
				CLANG_CXX_LANGUAGE_STANDARD = "gnu++0x";
				CLANG_CXX_LIBRARY = "libc++";
				CLANG_ENABLE_MODULES = YES;
				CLANG_ENABLE_OBJC_ARC = YES;
				CLANG_WARN_BOOL_CONVERSION = YES;
				CLANG_WARN_CONSTANT_CONVERSION = YES;
				CLANG_WARN_DIRECT_OBJC_ISA_USAGE = YES_ERROR;
				CLANG_WARN_EMPTY_BODY = YES;
				CLANG_WARN_ENUM_CONVERSION = YES;
				CLANG_WARN_INT_CONVERSION = YES;
				CLANG_WARN_OBJC_ROOT_CLASS = YES_ERROR;
				CLANG_WARN_UNREACHABLE_CODE = YES;
				CLANG_WARN__DUPLICATE_METHOD_MATCH = YES;
				"CODE_SIGN_IDENTITY[sdk=iphoneos*]" = "iPhone Developer";
				COPY_PHASE_STRIP = NO;
				DEBUG_INFORMATION_FORMAT = dwarf;
				ENABLE_STRICT_OBJC_MSGSEND = YES;
				ENABLE_TESTABILITY = YES;
				GCC_C_LANGUAGE_STANDARD = gnu99;
				GCC_DYNAMIC_NO_PIC = NO;
				GCC_NO_COMMON_BLOCKS = YES;
				GCC_OPTIMIZATION_LEVEL = 0;
				GCC_PREPROCESSOR_DEFINITIONS = (
					"DEBUG=1",
					"$(inherited)",
				);
				GCC_WARN_64_TO_32_BIT_CONVERSION = YES;
				GCC_WARN_ABOUT_RETURN_TYPE = YES_ERROR;
				GCC_WARN_UNDECLARED_SELECTOR = YES;
				GCC_WARN_UNINITIALIZED_AUTOS = YES_AGGRESSIVE;
				GCC_WARN_UNUSED_FUNCTION = YES;
				GCC_WARN_UNUSED_VARIABLE = YES;
				IPHONEOS_DEPLOYMENT_TARGET = 9.3;
				MTL_ENABLE_DEBUG_INFO = YES;
				ONLY_ACTIVE_ARCH = YES;
				SDKROOT = iphoneos;
				SWIFT_OPTIMIZATION_LEVEL = "-Onone";
				TARGETED_DEVICE_FAMILY = "1,2";
			};
			name = Debug;
		};
		DB6C811F1D68100A003C0E3D /* Release */ = {
			isa = XCBuildConfiguration;
			buildSettings = {
				ALWAYS_SEARCH_USER_PATHS = NO;
				CLANG_ANALYZER_NONNULL = YES;
				CLANG_CXX_LANGUAGE_STANDARD = "gnu++0x";
				CLANG_CXX_LIBRARY = "libc++";
				CLANG_ENABLE_MODULES = YES;
				CLANG_ENABLE_OBJC_ARC = YES;
				CLANG_WARN_BOOL_CONVERSION = YES;
				CLANG_WARN_CONSTANT_CONVERSION = YES;
				CLANG_WARN_DIRECT_OBJC_ISA_USAGE = YES_ERROR;
				CLANG_WARN_EMPTY_BODY = YES;
				CLANG_WARN_ENUM_CONVERSION = YES;
				CLANG_WARN_INT_CONVERSION = YES;
				CLANG_WARN_OBJC_ROOT_CLASS = YES_ERROR;
				CLANG_WARN_UNREACHABLE_CODE = YES;
				CLANG_WARN__DUPLICATE_METHOD_MATCH = YES;
				"CODE_SIGN_IDENTITY[sdk=iphoneos*]" = "iPhone Developer";
				COPY_PHASE_STRIP = NO;
				DEBUG_INFORMATION_FORMAT = "dwarf-with-dsym";
				ENABLE_NS_ASSERTIONS = NO;
				ENABLE_STRICT_OBJC_MSGSEND = YES;
				GCC_C_LANGUAGE_STANDARD = gnu99;
				GCC_NO_COMMON_BLOCKS = YES;
				GCC_WARN_64_TO_32_BIT_CONVERSION = YES;
				GCC_WARN_ABOUT_RETURN_TYPE = YES_ERROR;
				GCC_WARN_UNDECLARED_SELECTOR = YES;
				GCC_WARN_UNINITIALIZED_AUTOS = YES_AGGRESSIVE;
				GCC_WARN_UNUSED_FUNCTION = YES;
				GCC_WARN_UNUSED_VARIABLE = YES;
				IPHONEOS_DEPLOYMENT_TARGET = 9.3;
				MTL_ENABLE_DEBUG_INFO = NO;
				SDKROOT = iphoneos;
				TARGETED_DEVICE_FAMILY = "1,2";
				VALIDATE_PRODUCT = YES;
			};
			name = Release;
		};
		DB6C81211D68100A003C0E3D /* Debug */ = {
			isa = XCBuildConfiguration;
			buildSettings = {
				ASSETCATALOG_COMPILER_APPICON_NAME = AppIcon;
				INFOPLIST_FILE = "Multiple Choice Quiz/Info.plist";
				LD_RUNPATH_SEARCH_PATHS = "$(inherited) @executable_path/Frameworks";
				PRODUCT_BUNDLE_IDENTIFIER = "com.jackson.Multiple-Choice-Quiz";
				PRODUCT_NAME = "$(TARGET_NAME)";
			};
			name = Debug;
		};
		DB6C81221D68100A003C0E3D /* Release */ = {
			isa = XCBuildConfiguration;
			buildSettings = {
				ASSETCATALOG_COMPILER_APPICON_NAME = AppIcon;
				INFOPLIST_FILE = "Multiple Choice Quiz/Info.plist";
				LD_RUNPATH_SEARCH_PATHS = "$(inherited) @executable_path/Frameworks";
				PRODUCT_BUNDLE_IDENTIFIER = "com.jackson.Multiple-Choice-Quiz";
				PRODUCT_NAME = "$(TARGET_NAME)";
			};
			name = Release;
		};
/* End XCBuildConfiguration section */

/* Begin XCConfigurationList section */
		DB6C81091D681009003C0E3D /* Build configuration list for PBXProject "Multiple Choice Quiz" */ = {
			isa = XCConfigurationList;
			buildConfigurations = (
				DB6C811E1D68100A003C0E3D /* Debug */,
				DB6C811F1D68100A003C0E3D /* Release */,
			);
			defaultConfigurationIsVisible = 0;
			defaultConfigurationName = Release;
		};
		DB6C81201D68100A003C0E3D /* Build configuration list for PBXNativeTarget "Multiple Choice Quiz" */ = {
			isa = XCConfigurationList;
			buildConfigurations = (
				DB6C81211D68100A003C0E3D /* Debug */,
				DB6C81221D68100A003C0E3D /* Release */,
			);
			defaultConfigurationIsVisible = 0;
			defaultConfigurationName = Release;
		};
/* End XCConfigurationList section */
	};
	rootObject = DB6C81061D681009003C0E3D /* Project object */;
}
